
Microsoft Visual Studio Solution File, Format Version 12.00
# Visual Studio Version 16
VisualStudioVersion = 16.0.31410.357
MinimumVisualStudioVersion = 10.0.40219.1
Project("{FAE04EC0-301F-11D3-BF4B-00C04F79EFBC}") = "CompuGross", "CompuGross.csproj", "{65DC5964-F8F5-4FD3-94CD-A9494BCA96A9}"
	ProjectSection(ProjectDependencies) = postProject
		{A5B28D2A-EA3C-4D18-AE95-6D1DC4CE1BE1} = {A5B28D2A-EA3C-4D18-AE95-6D1DC4CE1BE1}
		{42C7A3BF-E04B-431F-9FE6-A4C84CDD1E82} = {42C7A3BF-E04B-431F-9FE6-A4C84CDD1E82}
	EndProjectSection
EndProject
Project("{FAE04EC0-301F-11D3-BF4B-00C04F79EFBC}") = "Negocio", "Negocio\Negocio.csproj", "{42C7A3BF-E04B-431F-9FE6-A4C84CDD1E82}"
EndProject
Project("{FAE04EC0-301F-11D3-BF4B-00C04F79EFBC}") = "Entidades", "Dominio\Entidades.csproj", "{A5B28D2A-EA3C-4D18-AE95-6D1DC4CE1BE1}"
EndProject
Global
	GlobalSection(SolutionConfigurationPlatforms) = preSolution
		Debug|Any CPU = Debug|Any CPU
		Release|Any CPU = Release|Any CPU
	EndGlobalSection
	GlobalSection(ProjectConfigurationPlatforms) = postSolution
		{65DC5964-F8F5-4FD3-94CD-A9494BCA96A9}.Debug|Any CPU.ActiveCfg = Debug|Any CPU
		{65DC5964-F8F5-4FD3-94CD-A9494BCA96A9}.Debug|Any CPU.Build.0 = Debug|Any CPU
		{65DC5964-F8F5-4FD3-94CD-A9494BCA96A9}.Release|Any CPU.ActiveCfg = Release|Any CPU
		{65DC5964-F8F5-4FD3-94CD-A9494BCA96A9}.Release|Any CPU.Build.0 = Release|Any CPU
		{42C7A3BF-E04B-431F-9FE6-A4C84CDD1E82}.Debug|Any CPU.ActiveCfg = Debug|Any CPU
		{42C7A3BF-E04B-431F-9FE6-A4C84CDD1E82}.Debug|Any CPU.Build.0 = Debug|Any CPU
		{42C7A3BF-E04B-431F-9FE6-A4C84CDD1E82}.Release|Any CPU.ActiveCfg = Release|Any CPU
		{42C7A3BF-E04B-431F-9FE6-A4C84CDD1E82}.Release|Any CPU.Build.0 = Release|Any CPU
		{A5B28D2A-EA3C-4D18-AE95-6D1DC4CE1BE1}.Debug|Any CPU.ActiveCfg = Debug|Any CPU
		{A5B28D2A-EA3C-4D18-AE95-6D1DC4CE1BE1}.Debug|Any CPU.Build.0 = Debug|Any CPU
		{A5B28D2A-EA3C-4D18-AE95-6D1DC4CE1BE1}.Release|Any CPU.ActiveCfg = Release|Any CPU
		{A5B28D2A-EA3C-4D18-AE95-6D1DC4CE1BE1}.Release|Any CPU.Build.0 = Release|Any CPU
	EndGlobalSection
	GlobalSection(SolutionProperties) = preSolution
		HideSolutionNode = FALSE
	EndGlobalSection
	GlobalSection(ExtensibilityGlobals) = postSolution
		SolutionGuid = {C5EDD41E-1D32-4504-B48E-246F48D9761F}
	EndGlobalSection
EndGlobal
